Microsoft Visual Studio Solution File, Format Version 12.00
# Visual Studio 14
VisualStudioVersion = 14.0.25420.1
MinimumVisualStudioVersion = 10.0.40219.1
Project("{2150E333-8FDC-42A3-9474-1A3956D46DE8}") = "modules", "modules", "{30D01E5F-45FB-49F8-9F5B-3190EB6BADB9}"
EndProject
Project("{2150E333-8FDC-42A3-9474-1A3956D46DE8}") = "tools", "tools", "{70015041-07AA-4D46-9353-A6707436F8D9}"
EndProject
Project("{2150E333-8FDC-42A3-9474-1A3956D46DE8}") = "demos", "demos", "{DE3051AC-D7C0-41FB-BF5B-AA6A4156CADC}"
EndProject
Project("{2150E333-8FDC-42A3-9474-1A3956D46DE8}") = "modules-test", "modules-test", "{7E5738D7-7FA0-4690-A20C-ED1A6D11A24F}"
EndProject
Project("{2150E333-8FDC-42A3-9474-1A3956D46DE8}") = "modules-perf", "modules-perf", "{9E8F0AFD-DD53-4393-80A8-976C23D2D8F7}"
EndProject
Project("{2150E333-8FDC-42A3-9474-1A3956D46DE8}") = "modules-lua", "modules-lua", "{10AA2CEB-9FD1-4001-9D56-A8CFAEEB144E}"
EndProject
Project("{8BC9CEB8-8B4A-11D0-8D11-00A0C91BC942}") = "belua", "modules\belua\belua.vcxproj", "{B919249F-3640-499B-BE0C-9DF839A612E7}"
EndProject
Project("{8BC9CEB8-8B4A-11D0-8D11-00A0C91BC942}") = "blt", "modules\blt\blt.vcxproj", "{C624127E-5E41-4DEF-A7A2-31C3A8689A2F}"
EndProject
Project("{8BC9CEB8-8B4A-11D0-8D11-00A0C91BC942}") = "blt-lua", "modules\blt\blt-lua.vcxproj", "{FCA8F7D1-669B-4D78-BE76-6BAC84D5E71C}"
EndProject
Project("{8BC9CEB8-8B4A-11D0-8D11-00A0C91BC942}") = "cli", "modules\cli\cli.vcxproj", "{AE0F037E-6A9B-47C5-B930-6CD88C80E31C}"
EndProject
Project("{8BC9CEB8-8B4A-11D0-8D11-00A0C91BC942}") = "core", "modules\core\core.vcxproj", "{2DE5BCE4-228A-428D-9C6F-7F4B376FBD7B}"
EndProject
Project("{8BC9CEB8-8B4A-11D0-8D11-00A0C91BC942}") = "core-id", "modules\core\core-id.vcxproj", "{71D0339D-FF9B-4649-A4A8-29F21A4F40ED}"
EndProject
Project("{8BC9CEB8-8B4A-11D0-8D11-00A0C91BC942}") = "core-id-with-names", "modules\core\core-id-with-names.vcxproj", "{688FE85B-21A5-4DFA-A53B-05D49E0439A3}"
EndProject
Project("{8BC9CEB8-8B4A-11D0-8D11-00A0C91BC942}") = "core-lua", "modules\core\core-lua.vcxproj", "{07FA65B2-E314-490A-B33F-A05BCC38C1B8}"
EndProject
Project("{8BC9CEB8-8B4A-11D0-8D11-00A0C91BC942}") = "core-test", "modules\core\core-test.vcxproj", "{598963FB-2333-493C-87F3-BF47DBC49D67}"
	ProjectSection(ProjectDependencies) = postProject
		{4FA57CCC-3627-431C-8070-1D2C87A9ED38} = {4FA57CCC-3627-431C-8070-1D2C87A9ED38}
		{688FE85B-21A5-4DFA-A53B-05D49E0439A3} = {688FE85B-21A5-4DFA-A53B-05D49E0439A3}
		{2DE5BCE4-228A-428D-9C6F-7F4B376FBD7B} = {2DE5BCE4-228A-428D-9C6F-7F4B376FBD7B}
	EndProjectSection
EndProject
Project("{8BC9CEB8-8B4A-11D0-8D11-00A0C91BC942}") = "core-perf", "modules\core\core-perf.vcxproj", "{078F5164-7349-4895-B3AE-EA6BDEC5180C}"
	ProjectSection(ProjectDependencies) = postProject
		{4FA57CCC-3627-431C-8070-1D2C87A9ED38} = {4FA57CCC-3627-431C-8070-1D2C87A9ED38}
		{688FE85B-21A5-4DFA-A53B-05D49E0439A3} = {688FE85B-21A5-4DFA-A53B-05D49E0439A3}
		{2DE5BCE4-228A-428D-9C6F-7F4B376FBD7B} = {2DE5BCE4-228A-428D-9C6F-7F4B376FBD7B}
		{B20B940A-056A-4D62-B369-870006923784} = {B20B940A-056A-4D62-B369-870006923784}
	EndProjectSection
EndProject
Project("{8BC9CEB8-8B4A-11D0-8D11-00A0C91BC942}") = "ctable", "modules\ctable\ctable.vcxproj", "{652D9B81-E3F7-498C-B056-F0D4A02213A6}"
EndProject
Project("{8BC9CEB8-8B4A-11D0-8D11-00A0C91BC942}") = "ctable-test", "modules\ctable\ctable-test.vcxproj", "{D9810BE4-6DE3-4320-AAE4-A54BB9C6F0DE}"
	ProjectSection(ProjectDependencies) = postProject
		{4FA57CCC-3627-431C-8070-1D2C87A9ED38} = {4FA57CCC-3627-431C-8070-1D2C87A9ED38}
		{688FE85B-21A5-4DFA-A53B-05D49E0439A3} = {688FE85B-21A5-4DFA-A53B-05D49E0439A3}
		{2DE5BCE4-228A-428D-9C6F-7F4B376FBD7B} = {2DE5BCE4-228A-428D-9C6F-7F4B376FBD7B}
	EndProjectSection
EndProject
Project("{8BC9CEB8-8B4A-11D0-8D11-00A0C91BC942}") = "gfx", "modules\gfx\gfx.vcxproj", "{BED84038-3FE4-4D45-9CAB-C26608FDD822}"
EndProject
Project("{8BC9CEB8-8B4A-11D0-8D11-00A0C91BC942}") = "gfx-test", "modules\gfx\gfx-test.vcxproj", "{D8FEF884-A157-4C9F-9C5B-4EEE9B296C94}"
	ProjectSection(ProjectDependencies) = postProject
		{4FA57CCC-3627-431C-8070-1D2C87A9ED38} = {4FA57CCC-3627-431C-8070-1D2C87A9ED38}
		{688FE85B-21A5-4DFA-A53B-05D49E0439A3} = {688FE85B-21A5-4DFA-A53B-05D49E0439A3}
		{2DE5BCE4-228A-428D-9C6F-7F4B376FBD7B} = {2DE5BCE4-228A-428D-9C6F-7F4B376FBD7B}
		{BED84038-3FE4-4D45-9CAB-C26608FDD822} = {BED84038-3FE4-4D45-9CAB-C26608FDD822}
		{099B6605-5F05-4729-AAEA-87B753D21A25} = {099B6605-5F05-4729-AAEA-87B753D21A25}
	EndProjectSection
EndProject
Project("{8BC9CEB8-8B4A-11D0-8D11-00A0C91BC942}") = "perf", "modules\perf\perf.vcxproj", "{B20B940A-056A-4D62-B369-870006923784}"
EndProject
Project("{8BC9CEB8-8B4A-11D0-8D11-00A0C91BC942}") = "platform", "modules\platform\platform.vcxproj", "{38702887-3979-47B0-8185-0FCFFE453261}"
EndProject
Project("{8BC9CEB8-8B4A-11D0-8D11-00A0C91BC942}") = "sqlite", "modules\sqlite\sqlite.vcxproj", "{641484CE-0667-4815-BC75-B63E957D44BD}"
EndProject
Project("{8BC9CEB8-8B4A-11D0-8D11-00A0C91BC942}") = "sqlite-test", "modules\sqlite\sqlite-test.vcxproj", "{7087A2B4-98C2-425B-980E-4BC54D2964C5}"
	ProjectSection(ProjectDependencies) = postProject
		{4FA57CCC-3627-431C-8070-1D2C87A9ED38} = {4FA57CCC-3627-431C-8070-1D2C87A9ED38}
		{688FE85B-21A5-4DFA-A53B-05D49E0439A3} = {688FE85B-21A5-4DFA-A53B-05D49E0439A3}
		{2DE5BCE4-228A-428D-9C6F-7F4B376FBD7B} = {2DE5BCE4-228A-428D-9C6F-7F4B376FBD7B}
		{641484CE-0667-4815-BC75-B63E957D44BD} = {641484CE-0667-4815-BC75-B63E957D44BD}
	EndProjectSection
EndProject
Project("{8BC9CEB8-8B4A-11D0-8D11-00A0C91BC942}") = "testing", "modules\testing\testing.vcxproj", "{4FA57CCC-3627-431C-8070-1D2C87A9ED38}"
EndProject
Project("{8BC9CEB8-8B4A-11D0-8D11-00A0C91BC942}") = "testing-test", "modules\testing\testing-test.vcxproj", "{22CA0809-361C-4800-9444-59A8B78A20C1}"
	ProjectSection(ProjectDependencies) = postProject
		{4FA57CCC-3627-431C-8070-1D2C87A9ED38} = {4FA57CCC-3627-431C-8070-1D2C87A9ED38}
		{688FE85B-21A5-4DFA-A53B-05D49E0439A3} = {688FE85B-21A5-4DFA-A53B-05D49E0439A3}
		{2DE5BCE4-228A-428D-9C6F-7F4B376FBD7B} = {2DE5BCE4-228A-428D-9C6F-7F4B376FBD7B}
		{099B6605-5F05-4729-AAEA-87B753D21A25} = {099B6605-5F05-4729-AAEA-87B753D21A25}
	EndProjectSection
EndProject
Project("{8BC9CEB8-8B4A-11D0-8D11-00A0C91BC942}") = "util", "modules\util\util.vcxproj", "{099B6605-5F05-4729-AAEA-87B753D21A25}"
EndProject
Project("{8BC9CEB8-8B4A-11D0-8D11-00A0C91BC942}") = "util-lua", "modules\util\util-lua.vcxproj", "{B1F3AD08-357D-4175-B2E3-2871064F7C55}"
EndProject
Project("{8BC9CEB8-8B4A-11D0-8D11-00A0C91BC942}") = "util-test", "modules\util\util-test.vcxproj", "{9AFA7CDE-598A-4653-B6D7-9D6853BC1AE9}"
	ProjectSection(ProjectDependencies) = postProject
		{4FA57CCC-3627-431C-8070-1D2C87A9ED38} = {4FA57CCC-3627-431C-8070-1D2C87A9ED38}
		{688FE85B-21A5-4DFA-A53B-05D49E0439A3} = {688FE85B-21A5-4DFA-A53B-05D49E0439A3}
		{2DE5BCE4-228A-428D-9C6F-7F4B376FBD7B} = {2DE5BCE4-228A-428D-9C6F-7F4B376FBD7B}
		{099B6605-5F05-4729-AAEA-87B753D21A25} = {099B6605-5F05-4729-AAEA-87B753D21A25}
	EndProjectSection
EndProject
Project("{8BC9CEB8-8B4A-11D0-8D11-00A0C91BC942}") = "util-perf", "modules\util\util-perf.vcxproj", "{70A3E2F9-0CA3-45F3-97A8-E1CDDC64F0BF}"
	ProjectSection(ProjectDependencies) = postProject
		{4FA57CCC-3627-431C-8070-1D2C87A9ED38} = {4FA57CCC-3627-431C-8070-1D2C87A9ED38}
		{688FE85B-21A5-4DFA-A53B-05D49E0439A3} = {688FE85B-21A5-4DFA-A53B-05D49E0439A3}
		{2DE5BCE4-228A-428D-9C6F-7F4B376FBD7B} = {2DE5BCE4-228A-428D-9C6F-7F4B376FBD7B}
		{099B6605-5F05-4729-AAEA-87B753D21A25} = {099B6605-5F05-4729-AAEA-87B753D21A25}
	EndProjectSection
EndProject
Project("{8BC9CEB8-8B4A-11D0-8D11-00A0C91BC942}") = "bltc", "tools\bltc\bltc.vcxproj", "{FFE8102A-3341-439D-842F-1B5D47E0F323}"
	ProjectSection(ProjectDependencies) = postProject
		{2DE5BCE4-228A-428D-9C6F-7F4B376FBD7B} = {2DE5BCE4-228A-428D-9C6F-7F4B376FBD7B}
		{688FE85B-21A5-4DFA-A53B-05D49E0439A3} = {688FE85B-21A5-4DFA-A53B-05D49E0439A3}
		{099B6605-5F05-4729-AAEA-87B753D21A25} = {099B6605-5F05-4729-AAEA-87B753D21A25}
		{AE0F037E-6A9B-47C5-B930-6CD88C80E31C} = {AE0F037E-6A9B-47C5-B930-6CD88C80E31C}
		{652D9B81-E3F7-498C-B056-F0D4A02213A6} = {652D9B81-E3F7-498C-B056-F0D4A02213A6}
		{C624127E-5E41-4DEF-A7A2-31C3A8689A2F} = {C624127E-5E41-4DEF-A7A2-31C3A8689A2F}
	EndProjectSection
EndProject
Project("{8BC9CEB8-8B4A-11D0-8D11-00A0C91BC942}") = "bstyle", "tools\bstyle\bstyle.vcxproj", "{BA8F50E3-D6CD-4CB6-B5DC-1D7E1043381E}"
	ProjectSection(ProjectDependencies) = postProject
		{2DE5BCE4-228A-428D-9C6F-7F4B376FBD7B} = {2DE5BCE4-228A-428D-9C6F-7F4B376FBD7B}
		{688FE85B-21A5-4DFA-A53B-05D49E0439A3} = {688FE85B-21A5-4DFA-A53B-05D49E0439A3}
		{099B6605-5F05-4729-AAEA-87B753D21A25} = {099B6605-5F05-4729-AAEA-87B753D21A25}
		{652D9B81-E3F7-498C-B056-F0D4A02213A6} = {652D9B81-E3F7-498C-B056-F0D4A02213A6}
		{AE0F037E-6A9B-47C5-B930-6CD88C80E31C} = {AE0F037E-6A9B-47C5-B930-6CD88C80E31C}
	EndProjectSection
EndProject
Project("{8BC9CEB8-8B4A-11D0-8D11-00A0C91BC942}") = "ccolor", "tools\ccolor\ccolor.vcxproj", "{ECE168DC-AAD3-416E-9977-27379072E506}"
	ProjectSection(ProjectDependencies) = postProject
		{2DE5BCE4-228A-428D-9C6F-7F4B376FBD7B} = {2DE5BCE4-228A-428D-9C6F-7F4B376FBD7B}
		{71D0339D-FF9B-4649-A4A8-29F21A4F40ED} = {71D0339D-FF9B-4649-A4A8-29F21A4F40ED}
	EndProjectSection
EndProject
Project("{8BC9CEB8-8B4A-11D0-8D11-00A0C91BC942}") = "concur", "tools\concur\concur.vcxproj", "{6BFC956F-5F48-48F3-A32C-3875742CE82D}"
	ProjectSection(ProjectDependencies) = postProject
		{2DE5BCE4-228A-428D-9C6F-7F4B376FBD7B} = {2DE5BCE4-228A-428D-9C6F-7F4B376FBD7B}
		{688FE85B-21A5-4DFA-A53B-05D49E0439A3} = {688FE85B-21A5-4DFA-A53B-05D49E0439A3}
		{099B6605-5F05-4729-AAEA-87B753D21A25} = {099B6605-5F05-4729-AAEA-87B753D21A25}
		{AE0F037E-6A9B-47C5-B930-6CD88C80E31C} = {AE0F037E-6A9B-47C5-B930-6CD88C80E31C}
		{652D9B81-E3F7-498C-B056-F0D4A02213A6} = {652D9B81-E3F7-498C-B056-F0D4A02213A6}
		{BED84038-3FE4-4D45-9CAB-C26608FDD822} = {BED84038-3FE4-4D45-9CAB-C26608FDD822}
	EndProjectSection
EndProject
Project("{8BC9CEB8-8B4A-11D0-8D11-00A0C91BC942}") = "idgen", "tools\idgen\idgen.vcxproj", "{F0644067-51CA-447F-BD18-D15002D97687}"
	ProjectSection(ProjectDependencies) = postProject
		{2DE5BCE4-228A-428D-9C6F-7F4B376FBD7B} = {2DE5BCE4-228A-428D-9C6F-7F4B376FBD7B}
		{688FE85B-21A5-4DFA-A53B-05D49E0439A3} = {688FE85B-21A5-4DFA-A53B-05D49E0439A3}
	EndProjectSection
EndProject
Project("{8BC9CEB8-8B4A-11D0-8D11-00A0C91BC942}") = "limp", "tools\limp\limp.vcxproj", "{FE5D86B5-1522-4FA4-8D19-AACDE6AB9287}"
	ProjectSection(ProjectDependencies) = postProject
		{688FE85B-21A5-4DFA-A53B-05D49E0439A3} = {688FE85B-21A5-4DFA-A53B-05D49E0439A3}
		{2DE5BCE4-228A-428D-9C6F-7F4B376FBD7B} = {2DE5BCE4-228A-428D-9C6F-7F4B376FBD7B}
		{AE0F037E-6A9B-47C5-B930-6CD88C80E31C} = {AE0F037E-6A9B-47C5-B930-6CD88C80E31C}
		{652D9B81-E3F7-498C-B056-F0D4A02213A6} = {652D9B81-E3F7-498C-B056-F0D4A02213A6}
		{099B6605-5F05-4729-AAEA-87B753D21A25} = {099B6605-5F05-4729-AAEA-87B753D21A25}
		{B1F3AD08-357D-4175-B2E3-2871064F7C55} = {B1F3AD08-357D-4175-B2E3-2871064F7C55}
		{B919249F-3640-499B-BE0C-9DF839A612E7} = {B919249F-3640-499B-BE0C-9DF839A612E7}
		{FCA8F7D1-669B-4D78-BE76-6BAC84D5E71C} = {FCA8F7D1-669B-4D78-BE76-6BAC84D5E71C}
		{C624127E-5E41-4DEF-A7A2-31C3A8689A2F} = {C624127E-5E41-4DEF-A7A2-31C3A8689A2F}
		{07FA65B2-E314-490A-B33F-A05BCC38C1B8} = {07FA65B2-E314-490A-B33F-A05BCC38C1B8}
	EndProjectSection
EndProject
Project("{8BC9CEB8-8B4A-11D0-8D11-00A0C91BC942}") = "sizeof", "tools\sizeof\sizeof.vcxproj", "{C3452263-760E-400B-98EF-D4F2AE70CCBF}"
	ProjectSection(ProjectDependencies) = postProject
		{2DE5BCE4-228A-428D-9C6F-7F4B376FBD7B} = {2DE5BCE4-228A-428D-9C6F-7F4B376FBD7B}
		{71D0339D-FF9B-4649-A4A8-29F21A4F40ED} = {71D0339D-FF9B-4649-A4A8-29F21A4F40ED}
		{099B6605-5F05-4729-AAEA-87B753D21A25} = {099B6605-5F05-4729-AAEA-87B753D21A25}
	EndProjectSection
EndProject
Project("{8BC9CEB8-8B4A-11D0-8D11-00A0C91BC942}") = "sysinfo", "tools\sysinfo\sysinfo.vcxproj", "{E2A906D6-895F-49DA-80BC-5026A1216E41}"
	ProjectSection(ProjectDependencies) = postProject
		{2DE5BCE4-228A-428D-9C6F-7F4B376FBD7B} = {2DE5BCE4-228A-428D-9C6F-7F4B376FBD7B}
		{71D0339D-FF9B-4649-A4A8-29F21A4F40ED} = {71D0339D-FF9B-4649-A4A8-29F21A4F40ED}
		{099B6605-5F05-4729-AAEA-87B753D21A25} = {099B6605-5F05-4729-AAEA-87B753D21A25}
		{38702887-3979-47B0-8185-0FCFFE453261} = {38702887-3979-47B0-8185-0FCFFE453261}
	EndProjectSection
EndProject
Project("{8BC9CEB8-8B4A-11D0-8D11-00A0C91BC942}") = "wedo", "tools\wedo\wedo.vcxproj", "{086B386D-38AD-4611-8CB6-DF94569D7F29}"
EndProject
Project("{8BC9CEB8-8B4A-11D0-8D11-00A0C91BC942}") = "consolecolors", "demos\consolecolors\consolecolors.vcxproj", "{BB25E427-D140-433A-AF43-53ED0155A4DB}"
	ProjectSection(ProjectDependencies) = postProject
		{2DE5BCE4-228A-428D-9C6F-7F4B376FBD7B} = {2DE5BCE4-228A-428D-9C6F-7F4B376FBD7B}
		{71D0339D-FF9B-4649-A4A8-29F21A4F40ED} = {71D0339D-FF9B-4649-A4A8-29F21A4F40ED}
	EndProjectSection
EndProject
Global
	GlobalSection(SolutionConfigurationPlatforms) = preSolution
		debug|x64 = debug|x64
		debug|x86 = debug|x86
		release|x64 = release|x64
		release|x86 = release|x86
	EndGlobalSection
	GlobalSection(ProjectConfigurationPlatforms) = postSolution
		{B919249F-3640-499B-BE0C-9DF839A612E7}.debug|x64.ActiveCfg = debug|x64
		{B919249F-3640-499B-BE0C-9DF839A612E7}.debug|x64.Build.0 = debug|x64
		{B919249F-3640-499B-BE0C-9DF839A612E7}.debug|x86.ActiveCfg = debug|x64
		{B919249F-3640-499B-BE0C-9DF839A612E7}.release|x64.ActiveCfg = release|x64
		{B919249F-3640-499B-BE0C-9DF839A612E7}.release|x64.Build.0 = release|x64
		{B919249F-3640-499B-BE0C-9DF839A612E7}.release|x86.ActiveCfg = release|x64
		{C624127E-5E41-4DEF-A7A2-31C3A8689A2F}.debug|x64.ActiveCfg = debug|x64
		{C624127E-5E41-4DEF-A7A2-31C3A8689A2F}.debug|x64.Build.0 = debug|x64
		{C624127E-5E41-4DEF-A7A2-31C3A8689A2F}.debug|x86.ActiveCfg = debug|x64
		{C624127E-5E41-4DEF-A7A2-31C3A8689A2F}.release|x64.ActiveCfg = release|x64
		{C624127E-5E41-4DEF-A7A2-31C3A8689A2F}.release|x64.Build.0 = release|x64
		{C624127E-5E41-4DEF-A7A2-31C3A8689A2F}.release|x86.ActiveCfg = release|x64
		{FCA8F7D1-669B-4D78-BE76-6BAC84D5E71C}.debug|x64.ActiveCfg = debug|x64
		{FCA8F7D1-669B-4D78-BE76-6BAC84D5E71C}.debug|x64.Build.0 = debug|x64
		{FCA8F7D1-669B-4D78-BE76-6BAC84D5E71C}.debug|x86.ActiveCfg = debug|x64
		{FCA8F7D1-669B-4D78-BE76-6BAC84D5E71C}.release|x64.ActiveCfg = release|x64
		{FCA8F7D1-669B-4D78-BE76-6BAC84D5E71C}.release|x64.Build.0 = release|x64
		{FCA8F7D1-669B-4D78-BE76-6BAC84D5E71C}.release|x86.ActiveCfg = release|x64
		{AE0F037E-6A9B-47C5-B930-6CD88C80E31C}.debug|x64.ActiveCfg = debug|x64
		{AE0F037E-6A9B-47C5-B930-6CD88C80E31C}.debug|x64.Build.0 = debug|x64
		{AE0F037E-6A9B-47C5-B930-6CD88C80E31C}.debug|x86.ActiveCfg = debug|x64
		{AE0F037E-6A9B-47C5-B930-6CD88C80E31C}.release|x64.ActiveCfg = release|x64
		{AE0F037E-6A9B-47C5-B930-6CD88C80E31C}.release|x64.Build.0 = release|x64
		{AE0F037E-6A9B-47C5-B930-6CD88C80E31C}.release|x86.ActiveCfg = release|x64
		{2DE5BCE4-228A-428D-9C6F-7F4B376FBD7B}.debug|x64.ActiveCfg = debug|x64
		{2DE5BCE4-228A-428D-9C6F-7F4B376FBD7B}.debug|x64.Build.0 = debug|x64
		{2DE5BCE4-228A-428D-9C6F-7F4B376FBD7B}.debug|x86.ActiveCfg = debug|x64
		{2DE5BCE4-228A-428D-9C6F-7F4B376FBD7B}.release|x64.ActiveCfg = release|x64
		{2DE5BCE4-228A-428D-9C6F-7F4B376FBD7B}.release|x64.Build.0 = release|x64
		{2DE5BCE4-228A-428D-9C6F-7F4B376FBD7B}.release|x86.ActiveCfg = release|x64
		{71D0339D-FF9B-4649-A4A8-29F21A4F40ED}.debug|x64.ActiveCfg = debug|x64
		{71D0339D-FF9B-4649-A4A8-29F21A4F40ED}.debug|x64.Build.0 = debug|x64
		{71D0339D-FF9B-4649-A4A8-29F21A4F40ED}.debug|x86.ActiveCfg = debug|x64
		{71D0339D-FF9B-4649-A4A8-29F21A4F40ED}.release|x64.ActiveCfg = release|x64
		{71D0339D-FF9B-4649-A4A8-29F21A4F40ED}.release|x64.Build.0 = release|x64
		{71D0339D-FF9B-4649-A4A8-29F21A4F40ED}.release|x86.ActiveCfg = release|x64
		{688FE85B-21A5-4DFA-A53B-05D49E0439A3}.debug|x64.ActiveCfg = debug|x64
		{688FE85B-21A5-4DFA-A53B-05D49E0439A3}.debug|x64.Build.0 = debug|x64
		{688FE85B-21A5-4DFA-A53B-05D49E0439A3}.debug|x86.ActiveCfg = debug|x64
		{688FE85B-21A5-4DFA-A53B-05D49E0439A3}.release|x64.ActiveCfg = release|x64
		{688FE85B-21A5-4DFA-A53B-05D49E0439A3}.release|x64.Build.0 = release|x64
		{688FE85B-21A5-4DFA-A53B-05D49E0439A3}.release|x86.ActiveCfg = release|x64
		{07FA65B2-E314-490A-B33F-A05BCC38C1B8}.debug|x64.ActiveCfg = debug|x64
		{07FA65B2-E314-490A-B33F-A05BCC38C1B8}.debug|x64.Build.0 = debug|x64
		{07FA65B2-E314-490A-B33F-A05BCC38C1B8}.debug|x86.ActiveCfg = debug|x64
		{07FA65B2-E314-490A-B33F-A05BCC38C1B8}.release|x64.ActiveCfg = release|x64
		{07FA65B2-E314-490A-B33F-A05BCC38C1B8}.release|x64.Build.0 = release|x64
		{07FA65B2-E314-490A-B33F-A05BCC38C1B8}.release|x86.ActiveCfg = release|x64
		{598963FB-2333-493C-87F3-BF47DBC49D67}.debug|x64.ActiveCfg = debug|x64
		{598963FB-2333-493C-87F3-BF47DBC49D67}.debug|x64.Build.0 = debug|x64
		{598963FB-2333-493C-87F3-BF47DBC49D67}.debug|x86.ActiveCfg = debug|x64
		{598963FB-2333-493C-87F3-BF47DBC49D67}.release|x64.ActiveCfg = release|x64
		{598963FB-2333-493C-87F3-BF47DBC49D67}.release|x64.Build.0 = release|x64
		{598963FB-2333-493C-87F3-BF47DBC49D67}.release|x86.ActiveCfg = release|x64
		{078F5164-7349-4895-B3AE-EA6BDEC5180C}.debug|x64.ActiveCfg = debug|x64
		{078F5164-7349-4895-B3AE-EA6BDEC5180C}.debug|x64.Build.0 = debug|x64
		{078F5164-7349-4895-B3AE-EA6BDEC5180C}.debug|x86.ActiveCfg = debug|x64
		{078F5164-7349-4895-B3AE-EA6BDEC5180C}.release|x64.ActiveCfg = release|x64
		{078F5164-7349-4895-B3AE-EA6BDEC5180C}.release|x64.Build.0 = release|x64
		{078F5164-7349-4895-B3AE-EA6BDEC5180C}.release|x86.ActiveCfg = release|x64
		{652D9B81-E3F7-498C-B056-F0D4A02213A6}.debug|x64.ActiveCfg = debug|x64
		{652D9B81-E3F7-498C-B056-F0D4A02213A6}.debug|x64.Build.0 = debug|x64
		{652D9B81-E3F7-498C-B056-F0D4A02213A6}.debug|x86.ActiveCfg = debug|x64
		{652D9B81-E3F7-498C-B056-F0D4A02213A6}.release|x64.ActiveCfg = release|x64
		{652D9B81-E3F7-498C-B056-F0D4A02213A6}.release|x64.Build.0 = release|x64
		{652D9B81-E3F7-498C-B056-F0D4A02213A6}.release|x86.ActiveCfg = release|x64
		{D9810BE4-6DE3-4320-AAE4-A54BB9C6F0DE}.debug|x64.ActiveCfg = debug|x64
		{D9810BE4-6DE3-4320-AAE4-A54BB9C6F0DE}.debug|x64.Build.0 = debug|x64
		{D9810BE4-6DE3-4320-AAE4-A54BB9C6F0DE}.debug|x86.ActiveCfg = debug|x64
		{D9810BE4-6DE3-4320-AAE4-A54BB9C6F0DE}.release|x64.ActiveCfg = release|x64
		{D9810BE4-6DE3-4320-AAE4-A54BB9C6F0DE}.release|x64.Build.0 = release|x64
		{D9810BE4-6DE3-4320-AAE4-A54BB9C6F0DE}.release|x86.ActiveCfg = release|x64
		{BED84038-3FE4-4D45-9CAB-C26608FDD822}.debug|x64.ActiveCfg = debug|x64
		{BED84038-3FE4-4D45-9CAB-C26608FDD822}.debug|x64.Build.0 = debug|x64
		{BED84038-3FE4-4D45-9CAB-C26608FDD822}.debug|x86.ActiveCfg = debug|x64
		{BED84038-3FE4-4D45-9CAB-C26608FDD822}.release|x64.ActiveCfg = release|x64
		{BED84038-3FE4-4D45-9CAB-C26608FDD822}.release|x64.Build.0 = release|x64
		{BED84038-3FE4-4D45-9CAB-C26608FDD822}.release|x86.ActiveCfg = release|x64
		{D8FEF884-A157-4C9F-9C5B-4EEE9B296C94}.debug|x64.ActiveCfg = debug|x64
		{D8FEF884-A157-4C9F-9C5B-4EEE9B296C94}.debug|x64.Build.0 = debug|x64
		{D8FEF884-A157-4C9F-9C5B-4EEE9B296C94}.debug|x86.ActiveCfg = debug|x64
		{D8FEF884-A157-4C9F-9C5B-4EEE9B296C94}.release|x64.ActiveCfg = release|x64
		{D8FEF884-A157-4C9F-9C5B-4EEE9B296C94}.release|x64.Build.0 = release|x64
		{D8FEF884-A157-4C9F-9C5B-4EEE9B296C94}.release|x86.ActiveCfg = release|x64
		{B20B940A-056A-4D62-B369-870006923784}.debug|x64.ActiveCfg = debug|x64
		{B20B940A-056A-4D62-B369-870006923784}.debug|x64.Build.0 = debug|x64
		{B20B940A-056A-4D62-B369-870006923784}.debug|x86.ActiveCfg = debug|x64
		{B20B940A-056A-4D62-B369-870006923784}.release|x64.ActiveCfg = release|x64
		{B20B940A-056A-4D62-B369-870006923784}.release|x64.Build.0 = release|x64
		{B20B940A-056A-4D62-B369-870006923784}.release|x86.ActiveCfg = release|x64
		{38702887-3979-47B0-8185-0FCFFE453261}.debug|x64.ActiveCfg = debug|x64
		{38702887-3979-47B0-8185-0FCFFE453261}.debug|x64.Build.0 = debug|x64
		{38702887-3979-47B0-8185-0FCFFE453261}.debug|x86.ActiveCfg = debug|x64
		{38702887-3979-47B0-8185-0FCFFE453261}.release|x64.ActiveCfg = release|x64
		{38702887-3979-47B0-8185-0FCFFE453261}.release|x64.Build.0 = release|x64
		{38702887-3979-47B0-8185-0FCFFE453261}.release|x86.ActiveCfg = release|x64
		{641484CE-0667-4815-BC75-B63E957D44BD}.debug|x64.ActiveCfg = debug|x64
		{641484CE-0667-4815-BC75-B63E957D44BD}.debug|x64.Build.0 = debug|x64
		{641484CE-0667-4815-BC75-B63E957D44BD}.debug|x86.ActiveCfg = debug|x64
		{641484CE-0667-4815-BC75-B63E957D44BD}.release|x64.ActiveCfg = release|x64
		{641484CE-0667-4815-BC75-B63E957D44BD}.release|x64.Build.0 = release|x64
		{641484CE-0667-4815-BC75-B63E957D44BD}.release|x86.ActiveCfg = release|x64
		{7087A2B4-98C2-425B-980E-4BC54D2964C5}.debug|x64.ActiveCfg = debug|x64
		{7087A2B4-98C2-425B-980E-4BC54D2964C5}.debug|x64.Build.0 = debug|x64
		{7087A2B4-98C2-425B-980E-4BC54D2964C5}.debug|x86.ActiveCfg = debug|x64
		{7087A2B4-98C2-425B-980E-4BC54D2964C5}.release|x64.ActiveCfg = release|x64
		{7087A2B4-98C2-425B-980E-4BC54D2964C5}.release|x64.Build.0 = release|x64
		{7087A2B4-98C2-425B-980E-4BC54D2964C5}.release|x86.ActiveCfg = release|x64
		{4FA57CCC-3627-431C-8070-1D2C87A9ED38}.debug|x64.ActiveCfg = debug|x64
		{4FA57CCC-3627-431C-8070-1D2C87A9ED38}.debug|x64.Build.0 = debug|x64
		{4FA57CCC-3627-431C-8070-1D2C87A9ED38}.debug|x86.ActiveCfg = debug|x64
		{4FA57CCC-3627-431C-8070-1D2C87A9ED38}.release|x64.ActiveCfg = release|x64
		{4FA57CCC-3627-431C-8070-1D2C87A9ED38}.release|x64.Build.0 = release|x64
		{4FA57CCC-3627-431C-8070-1D2C87A9ED38}.release|x86.ActiveCfg = release|x64
		{22CA0809-361C-4800-9444-59A8B78A20C1}.debug|x64.ActiveCfg = debug|x64
		{22CA0809-361C-4800-9444-59A8B78A20C1}.debug|x64.Build.0 = debug|x64
		{22CA0809-361C-4800-9444-59A8B78A20C1}.debug|x86.ActiveCfg = debug|x64
		{22CA0809-361C-4800-9444-59A8B78A20C1}.release|x64.ActiveCfg = release|x64
		{22CA0809-361C-4800-9444-59A8B78A20C1}.release|x64.Build.0 = release|x64
		{22CA0809-361C-4800-9444-59A8B78A20C1}.release|x86.ActiveCfg = release|x64
		{099B6605-5F05-4729-AAEA-87B753D21A25}.debug|x64.ActiveCfg = debug|x64
		{099B6605-5F05-4729-AAEA-87B753D21A25}.debug|x64.Build.0 = debug|x64
		{099B6605-5F05-4729-AAEA-87B753D21A25}.debug|x86.ActiveCfg = debug|x64
		{099B6605-5F05-4729-AAEA-87B753D21A25}.release|x64.ActiveCfg = release|x64
		{099B6605-5F05-4729-AAEA-87B753D21A25}.release|x64.Build.0 = release|x64
		{099B6605-5F05-4729-AAEA-87B753D21A25}.release|x86.ActiveCfg = release|x64
		{B1F3AD08-357D-4175-B2E3-2871064F7C55}.debug|x64.ActiveCfg = debug|x64
		{B1F3AD08-357D-4175-B2E3-2871064F7C55}.debug|x64.Build.0 = debug|x64
		{B1F3AD08-357D-4175-B2E3-2871064F7C55}.debug|x86.ActiveCfg = debug|x64
		{B1F3AD08-357D-4175-B2E3-2871064F7C55}.release|x64.ActiveCfg = release|x64
		{B1F3AD08-357D-4175-B2E3-2871064F7C55}.release|x64.Build.0 = release|x64
		{B1F3AD08-357D-4175-B2E3-2871064F7C55}.release|x86.ActiveCfg = release|x64
		{9AFA7CDE-598A-4653-B6D7-9D6853BC1AE9}.debug|x64.ActiveCfg = debug|x64
		{9AFA7CDE-598A-4653-B6D7-9D6853BC1AE9}.debug|x64.Build.0 = debug|x64
		{9AFA7CDE-598A-4653-B6D7-9D6853BC1AE9}.debug|x86.ActiveCfg = debug|x64
		{9AFA7CDE-598A-4653-B6D7-9D6853BC1AE9}.release|x64.ActiveCfg = release|x64
		{9AFA7CDE-598A-4653-B6D7-9D6853BC1AE9}.release|x64.Build.0 = release|x64
		{9AFA7CDE-598A-4653-B6D7-9D6853BC1AE9}.release|x86.ActiveCfg = release|x64
		{70A3E2F9-0CA3-45F3-97A8-E1CDDC64F0BF}.debug|x64.ActiveCfg = debug|x64
		{70A3E2F9-0CA3-45F3-97A8-E1CDDC64F0BF}.debug|x64.Build.0 = debug|x64
		{70A3E2F9-0CA3-45F3-97A8-E1CDDC64F0BF}.debug|x86.ActiveCfg = debug|x64
		{70A3E2F9-0CA3-45F3-97A8-E1CDDC64F0BF}.release|x64.ActiveCfg = release|x64
		{70A3E2F9-0CA3-45F3-97A8-E1CDDC64F0BF}.release|x64.Build.0 = release|x64
		{70A3E2F9-0CA3-45F3-97A8-E1CDDC64F0BF}.release|x86.ActiveCfg = release|x64
		{FFE8102A-3341-439D-842F-1B5D47E0F323}.debug|x64.ActiveCfg = debug|x64
		{FFE8102A-3341-439D-842F-1B5D47E0F323}.debug|x64.Build.0 = debug|x64
		{FFE8102A-3341-439D-842F-1B5D47E0F323}.debug|x86.ActiveCfg = debug|x64
		{FFE8102A-3341-439D-842F-1B5D47E0F323}.release|x64.ActiveCfg = release|x64
		{FFE8102A-3341-439D-842F-1B5D47E0F323}.release|x64.Build.0 = release|x64
		{FFE8102A-3341-439D-842F-1B5D47E0F323}.release|x86.ActiveCfg = release|x64
		{BA8F50E3-D6CD-4CB6-B5DC-1D7E1043381E}.debug|x64.ActiveCfg = debug|x64
		{BA8F50E3-D6CD-4CB6-B5DC-1D7E1043381E}.debug|x64.Build.0 = debug|x64
		{BA8F50E3-D6CD-4CB6-B5DC-1D7E1043381E}.debug|x86.ActiveCfg = debug|x64
		{BA8F50E3-D6CD-4CB6-B5DC-1D7E1043381E}.release|x64.ActiveCfg = release|x64
		{BA8F50E3-D6CD-4CB6-B5DC-1D7E1043381E}.release|x64.Build.0 = release|x64
		{BA8F50E3-D6CD-4CB6-B5DC-1D7E1043381E}.release|x86.ActiveCfg = release|x64
		{ECE168DC-AAD3-416E-9977-27379072E506}.debug|x64.ActiveCfg = debug|x64
		{ECE168DC-AAD3-416E-9977-27379072E506}.debug|x64.Build.0 = debug|x64
		{ECE168DC-AAD3-416E-9977-27379072E506}.debug|x86.ActiveCfg = debug|x64
		{ECE168DC-AAD3-416E-9977-27379072E506}.release|x64.ActiveCfg = release|x64
		{ECE168DC-AAD3-416E-9977-27379072E506}.release|x64.Build.0 = release|x64
		{ECE168DC-AAD3-416E-9977-27379072E506}.release|x86.ActiveCfg = release|x64
		{6BFC956F-5F48-48F3-A32C-3875742CE82D}.debug|x64.ActiveCfg = debug|x64
		{6BFC956F-5F48-48F3-A32C-3875742CE82D}.debug|x64.Build.0 = debug|x64
		{6BFC956F-5F48-48F3-A32C-3875742CE82D}.debug|x86.ActiveCfg = debug|x64
		{6BFC956F-5F48-48F3-A32C-3875742CE82D}.release|x64.ActiveCfg = release|x64
		{6BFC956F-5F48-48F3-A32C-3875742CE82D}.release|x64.Build.0 = release|x64
		{6BFC956F-5F48-48F3-A32C-3875742CE82D}.release|x86.ActiveCfg = release|x64
		{F0644067-51CA-447F-BD18-D15002D97687}.debug|x64.ActiveCfg = debug|x64
		{F0644067-51CA-447F-BD18-D15002D97687}.debug|x64.Build.0 = debug|x64
		{F0644067-51CA-447F-BD18-D15002D97687}.debug|x86.ActiveCfg = debug|x64
		{F0644067-51CA-447F-BD18-D15002D97687}.release|x64.ActiveCfg = release|x64
		{F0644067-51CA-447F-BD18-D15002D97687}.release|x64.Build.0 = release|x64
		{F0644067-51CA-447F-BD18-D15002D97687}.release|x86.ActiveCfg = release|x64
		{FE5D86B5-1522-4FA4-8D19-AACDE6AB9287}.debug|x64.ActiveCfg = debug|x64
		{FE5D86B5-1522-4FA4-8D19-AACDE6AB9287}.debug|x64.Build.0 = debug|x64
		{FE5D86B5-1522-4FA4-8D19-AACDE6AB9287}.debug|x86.ActiveCfg = debug|x64
		{FE5D86B5-1522-4FA4-8D19-AACDE6AB9287}.release|x64.ActiveCfg = release|x64
		{FE5D86B5-1522-4FA4-8D19-AACDE6AB9287}.release|x64.Build.0 = release|x64
		{FE5D86B5-1522-4FA4-8D19-AACDE6AB9287}.release|x86.ActiveCfg = release|x64
		{C3452263-760E-400B-98EF-D4F2AE70CCBF}.debug|x64.ActiveCfg = debug|x64
		{C3452263-760E-400B-98EF-D4F2AE70CCBF}.debug|x64.Build.0 = debug|x64
		{C3452263-760E-400B-98EF-D4F2AE70CCBF}.debug|x86.ActiveCfg = debug|x64
		{C3452263-760E-400B-98EF-D4F2AE70CCBF}.release|x64.ActiveCfg = release|x64
		{C3452263-760E-400B-98EF-D4F2AE70CCBF}.release|x64.Build.0 = release|x64
		{C3452263-760E-400B-98EF-D4F2AE70CCBF}.release|x86.ActiveCfg = release|x64
		{E2A906D6-895F-49DA-80BC-5026A1216E41}.debug|x64.ActiveCfg = debug|x64
		{E2A906D6-895F-49DA-80BC-5026A1216E41}.debug|x64.Build.0 = debug|x64
		{E2A906D6-895F-49DA-80BC-5026A1216E41}.debug|x86.ActiveCfg = debug|x64
		{E2A906D6-895F-49DA-80BC-5026A1216E41}.release|x64.ActiveCfg = release|x64
		{E2A906D6-895F-49DA-80BC-5026A1216E41}.release|x64.Build.0 = release|x64
		{E2A906D6-895F-49DA-80BC-5026A1216E41}.release|x86.ActiveCfg = release|x64
		{086B386D-38AD-4611-8CB6-DF94569D7F29}.debug|x64.ActiveCfg = debug|x64
		{086B386D-38AD-4611-8CB6-DF94569D7F29}.debug|x64.Build.0 = debug|x64
		{086B386D-38AD-4611-8CB6-DF94569D7F29}.debug|x86.ActiveCfg = debug|x64
		{086B386D-38AD-4611-8CB6-DF94569D7F29}.release|x64.ActiveCfg = release|x64
		{086B386D-38AD-4611-8CB6-DF94569D7F29}.release|x64.Build.0 = release|x64
		{086B386D-38AD-4611-8CB6-DF94569D7F29}.release|x86.ActiveCfg = release|x64
		{BB25E427-D140-433A-AF43-53ED0155A4DB}.debug|x64.ActiveCfg = debug|x64
		{BB25E427-D140-433A-AF43-53ED0155A4DB}.debug|x64.Build.0 = debug|x64
		{BB25E427-D140-433A-AF43-53ED0155A4DB}.debug|x86.ActiveCfg = debug|x64
		{BB25E427-D140-433A-AF43-53ED0155A4DB}.release|x64.ActiveCfg = release|x64
		{BB25E427-D140-433A-AF43-53ED0155A4DB}.release|x64.Build.0 = release|x64
		{BB25E427-D140-433A-AF43-53ED0155A4DB}.release|x86.ActiveCfg = release|x64
	EndGlobalSection
	GlobalSection(SolutionProperties) = preSolution
		HideSolutionNode = FALSE
	EndGlobalSection
	GlobalSection(NestedProjects) = preSolution
		{B919249F-3640-499B-BE0C-9DF839A612E7} = {30D01E5F-45FB-49F8-9F5B-3190EB6BADB9}
		{C624127E-5E41-4DEF-A7A2-31C3A8689A2F} = {30D01E5F-45FB-49F8-9F5B-3190EB6BADB9}
		{FCA8F7D1-669B-4D78-BE76-6BAC84D5E71C} = {10AA2CEB-9FD1-4001-9D56-A8CFAEEB144E}
		{AE0F037E-6A9B-47C5-B930-6CD88C80E31C} = {30D01E5F-45FB-49F8-9F5B-3190EB6BADB9}
		{2DE5BCE4-228A-428D-9C6F-7F4B376FBD7B} = {30D01E5F-45FB-49F8-9F5B-3190EB6BADB9}
		{71D0339D-FF9B-4649-A4A8-29F21A4F40ED} = {30D01E5F-45FB-49F8-9F5B-3190EB6BADB9}
		{688FE85B-21A5-4DFA-A53B-05D49E0439A3} = {30D01E5F-45FB-49F8-9F5B-3190EB6BADB9}
		{07FA65B2-E314-490A-B33F-A05BCC38C1B8} = {10AA2CEB-9FD1-4001-9D56-A8CFAEEB144E}
		{598963FB-2333-493C-87F3-BF47DBC49D67} = {7E5738D7-7FA0-4690-A20C-ED1A6D11A24F}
		{078F5164-7349-4895-B3AE-EA6BDEC5180C} = {9E8F0AFD-DD53-4393-80A8-976C23D2D8F7}
		{652D9B81-E3F7-498C-B056-F0D4A02213A6} = {30D01E5F-45FB-49F8-9F5B-3190EB6BADB9}
		{D9810BE4-6DE3-4320-AAE4-A54BB9C6F0DE} = {7E5738D7-7FA0-4690-A20C-ED1A6D11A24F}
		{BED84038-3FE4-4D45-9CAB-C26608FDD822} = {30D01E5F-45FB-49F8-9F5B-3190EB6BADB9}
		{D8FEF884-A157-4C9F-9C5B-4EEE9B296C94} = {7E5738D7-7FA0-4690-A20C-ED1A6D11A24F}
		{B20B940A-056A-4D62-B369-870006923784} = {30D01E5F-45FB-49F8-9F5B-3190EB6BADB9}
		{38702887-3979-47B0-8185-0FCFFE453261} = {30D01E5F-45FB-49F8-9F5B-3190EB6BADB9}
		{641484CE-0667-4815-BC75-B63E957D44BD} = {30D01E5F-45FB-49F8-9F5B-3190EB6BADB9}
		{7087A2B4-98C2-425B-980E-4BC54D2964C5} = {7E5738D7-7FA0-4690-A20C-ED1A6D11A24F}
		{4FA57CCC-3627-431C-8070-1D2C87A9ED38} = {30D01E5F-45FB-49F8-9F5B-3190EB6BADB9}
		{22CA0809-361C-4800-9444-59A8B78A20C1} = {7E5738D7-7FA0-4690-A20C-ED1A6D11A24F}
		{099B6605-5F05-4729-AAEA-87B753D21A25} = {30D01E5F-45FB-49F8-9F5B-3190EB6BADB9}
		{B1F3AD08-357D-4175-B2E3-2871064F7C55} = {10AA2CEB-9FD1-4001-9D56-A8CFAEEB144E}
		{9AFA7CDE-598A-4653-B6D7-9D6853BC1AE9} = {7E5738D7-7FA0-4690-A20C-ED1A6D11A24F}
		{70A3E2F9-0CA3-45F3-97A8-E1CDDC64F0BF} = {9E8F0AFD-DD53-4393-80A8-976C23D2D8F7}
		{FFE8102A-3341-439D-842F-1B5D47E0F323} = {70015041-07AA-4D46-9353-A6707436F8D9}
		{BA8F50E3-D6CD-4CB6-B5DC-1D7E1043381E} = {70015041-07AA-4D46-9353-A6707436F8D9}
		{ECE168DC-AAD3-416E-9977-27379072E506} = {70015041-07AA-4D46-9353-A6707436F8D9}
		{6BFC956F-5F48-48F3-A32C-3875742CE82D} = {70015041-07AA-4D46-9353-A6707436F8D9}
		{F0644067-51CA-447F-BD18-D15002D97687} = {70015041-07AA-4D46-9353-A6707436F8D9}
		{FE5D86B5-1522-4FA4-8D19-AACDE6AB9287} = {70015041-07AA-4D46-9353-A6707436F8D9}
		{C3452263-760E-400B-98EF-D4F2AE70CCBF} = {70015041-07AA-4D46-9353-A6707436F8D9}
		{E2A906D6-895F-49DA-80BC-5026A1216E41} = {70015041-07AA-4D46-9353-A6707436F8D9}
		{086B386D-38AD-4611-8CB6-DF94569D7F29} = {70015041-07AA-4D46-9353-A6707436F8D9}
		{BB25E427-D140-433A-AF43-53ED0155A4DB} = {DE3051AC-D7C0-41FB-BF5B-AA6A4156CADC}
	EndGlobalSection
EndGlobal